
Microsoft Visual Studio Solution File, Format Version 11.00
# Visual Studio 2010
Project("{FAE04EC0-301F-11D3-BF4B-00C04F79EFBC}") = "Assembly-CSharp", "Assembly-CSharp.csproj", "{c25f158d-257a-36bd-8e50-f498c2cac5f8}"
EndProject
Project("{FAE04EC0-301F-11D3-BF4B-00C04F79EFBC}") = "Scripts.UI", "Scripts.UI.csproj", "{cdfe9bb0-cfee-dce3-e158-d7313896c8cd}"
EndProject
Project("{FAE04EC0-301F-11D3-BF4B-00C04F79EFBC}") = "Scripts.Selectors", "Scripts.Selectors.csproj", "{17986601-0848-3f42-99c1-a52b8f1f6c46}"
EndProject
Project("{FAE04EC0-301F-11D3-BF4B-00C04F79EFBC}") = "Scripts.Towers", "Scripts.Towers.csproj", "{b87f9e53-fb99-c462-698e-6acb42d9f317}"
EndProject
Project("{FAE04EC0-301F-11D3-BF4B-00C04F79EFBC}") = "Scripts.Blueprint", "Scripts.Blueprint.csproj", "{c2b5b1c0-5d00-64c9-7f16-aaa02166675f}"
EndProject
Project("{FAE04EC0-301F-11D3-BF4B-00C04F79EFBC}") = "Scripts.Teams", "Scripts.Teams.csproj", "{380e8c3b-1c5b-843c-0964-16302f1bf417}"
EndProject
Project("{FAE04EC0-301F-11D3-BF4B-00C04F79EFBC}") = "Scripts.Clicks", "Scripts.Clicks.csproj", "{b82bf5f3-7706-59f9-876d-487f2fa7de5a}"
EndProject
Project("{FAE04EC0-301F-11D3-BF4B-00C04F79EFBC}") = "Chain", "Chain.csproj", "{417daeb9-1443-f604-f773-feb1c7b82a4b}"
EndProject
Project("{FAE04EC0-301F-11D3-BF4B-00C04F79EFBC}") = "Scripts.Testing", "Scripts.Testing.csproj", "{dc2ca839-9006-3515-67d3-859c58bbeaf2}"
EndProject
Project("{FAE04EC0-301F-11D3-BF4B-00C04F79EFBC}") = "Scripts.General", "Scripts.General.csproj", "{a32755e4-87b8-4f9c-8f00-191b0dc94276}"
EndProject
Project("{FAE04EC0-301F-11D3-BF4B-00C04F79EFBC}") = "Scripts.TowerRelated", "Scripts.TowerRelated.csproj", "{2fdd7e56-a2e3-6cd2-fc5f-375ee6c39366}"
EndProject
Project("{FAE04EC0-301F-11D3-BF4B-00C04F79EFBC}") = "Scripts.Projectile", "Scripts.Projectile.csproj", "{ab9f8e98-baae-24de-ef41-768f46ab3ecb}"
EndProject
Project("{FAE04EC0-301F-11D3-BF4B-00C04F79EFBC}") = "Scripts.Actor", "Scripts.Actor.csproj", "{7e587055-52bc-c9ec-b2a6-3ff4048aeace}"
EndProject
Project("{FAE04EC0-301F-11D3-BF4B-00C04F79EFBC}") = "Scripts.Mediator", "Scripts.Mediator.csproj", "{59cbe4f4-341f-3d71-c1dc-4863d3ff2bc4}"
EndProject
Project("{FAE04EC0-301F-11D3-BF4B-00C04F79EFBC}") = "Assembly-CSharp-firstpass", "Assembly-CSharp-firstpass.csproj", "{43188b45-0165-a769-3d8d-c1a6017a2221}"
EndProject
Project("{FAE04EC0-301F-11D3-BF4B-00C04F79EFBC}") = "Scripts.Enums", "Scripts.Enums.csproj", "{645657e0-d5cb-a516-ac15-2be21f5bbb2b}"
EndProject
Project("{FAE04EC0-301F-11D3-BF4B-00C04F79EFBC}") = "Scripts.Network", "Scripts.Network.csproj", "{59e69d49-e3c9-1f4c-df99-c0edfe6d88e2}"
EndProject
Project("{FAE04EC0-301F-11D3-BF4B-00C04F79EFBC}") = "Scripts.UX", "Scripts.UX.csproj", "{bd3208ea-6830-a423-c6d4-de67fc0fd860}"
EndProject
Project("{FAE04EC0-301F-11D3-BF4B-00C04F79EFBC}") = "Scripts.EditorHelpers", "Scripts.EditorHelpers.csproj", "{1d1077ce-291a-4895-cf74-fd717d864701}"
EndProject
Project("{FAE04EC0-301F-11D3-BF4B-00C04F79EFBC}") = "Scripts.Grid", "Scripts.Grid.csproj", "{7b3a5b79-ccfd-ab83-7dc7-046cc9983055}"
EndProject
Project("{FAE04EC0-301F-11D3-BF4B-00C04F79EFBC}") = "Scripts.GenericHelpers", "Scripts.GenericHelpers.csproj", "{2eaca32a-217d-7ee5-553f-16f4c68a9b91}"
EndProject
Project("{FAE04EC0-301F-11D3-BF4B-00C04F79EFBC}") = "Scripts.GridIndicator", "Scripts.GridIndicator.csproj", "{04792b29-afdc-51c6-d69d-549ceefa66f3}"
EndProject
Project("{FAE04EC0-301F-11D3-BF4B-00C04F79EFBC}") = "Chain.Editor", "Chain.Editor.csproj", "{3f70aa87-692c-fe07-0d9f-07724b120065}"
EndProject
Global
	GlobalSection(SolutionConfigurationPlatforms) = preSolution
		Debug|Any CPU = Debug|Any CPU
	EndGlobalSection
	GlobalSection(ProjectConfigurationPlatforms) = postSolution
		{c25f158d-257a-36bd-8e50-f498c2cac5f8}.Debug|Any CPU.ActiveCfg = Debug|Any CPU
		{c25f158d-257a-36bd-8e50-f498c2cac5f8}.Debug|Any CPU.Build.0 = Debug|Any CPU
		{cdfe9bb0-cfee-dce3-e158-d7313896c8cd}.Debug|Any CPU.ActiveCfg = Debug|Any CPU
		{cdfe9bb0-cfee-dce3-e158-d7313896c8cd}.Debug|Any CPU.Build.0 = Debug|Any CPU
		{17986601-0848-3f42-99c1-a52b8f1f6c46}.Debug|Any CPU.ActiveCfg = Debug|Any CPU
		{17986601-0848-3f42-99c1-a52b8f1f6c46}.Debug|Any CPU.Build.0 = Debug|Any CPU
		{b87f9e53-fb99-c462-698e-6acb42d9f317}.Debug|Any CPU.ActiveCfg = Debug|Any CPU
		{b87f9e53-fb99-c462-698e-6acb42d9f317}.Debug|Any CPU.Build.0 = Debug|Any CPU
		{c2b5b1c0-5d00-64c9-7f16-aaa02166675f}.Debug|Any CPU.ActiveCfg = Debug|Any CPU
		{c2b5b1c0-5d00-64c9-7f16-aaa02166675f}.Debug|Any CPU.Build.0 = Debug|Any CPU
		{380e8c3b-1c5b-843c-0964-16302f1bf417}.Debug|Any CPU.ActiveCfg = Debug|Any CPU
		{380e8c3b-1c5b-843c-0964-16302f1bf417}.Debug|Any CPU.Build.0 = Debug|Any CPU
		{b82bf5f3-7706-59f9-876d-487f2fa7de5a}.Debug|Any CPU.ActiveCfg = Debug|Any CPU
		{b82bf5f3-7706-59f9-876d-487f2fa7de5a}.Debug|Any CPU.Build.0 = Debug|Any CPU
		{417daeb9-1443-f604-f773-feb1c7b82a4b}.Debug|Any CPU.ActiveCfg = Debug|Any CPU
		{417daeb9-1443-f604-f773-feb1c7b82a4b}.Debug|Any CPU.Build.0 = Debug|Any CPU
		{dc2ca839-9006-3515-67d3-859c58bbeaf2}.Debug|Any CPU.ActiveCfg = Debug|Any CPU
		{dc2ca839-9006-3515-67d3-859c58bbeaf2}.Debug|Any CPU.Build.0 = Debug|Any CPU
		{a32755e4-87b8-4f9c-8f00-191b0dc94276}.Debug|Any CPU.ActiveCfg = Debug|Any CPU
		{a32755e4-87b8-4f9c-8f00-191b0dc94276}.Debug|Any CPU.Build.0 = Debug|Any CPU
		{2fdd7e56-a2e3-6cd2-fc5f-375ee6c39366}.Debug|Any CPU.ActiveCfg = Debug|Any CPU
		{2fdd7e56-a2e3-6cd2-fc5f-375ee6c39366}.Debug|Any CPU.Build.0 = Debug|Any CPU
		{ab9f8e98-baae-24de-ef41-768f46ab3ecb}.Debug|Any CPU.ActiveCfg = Debug|Any CPU
		{ab9f8e98-baae-24de-ef41-768f46ab3ecb}.Debug|Any CPU.Build.0 = Debug|Any CPU
		{7e587055-52bc-c9ec-b2a6-3ff4048aeace}.Debug|Any CPU.ActiveCfg = Debug|Any CPU
		{7e587055-52bc-c9ec-b2a6-3ff4048aeace}.Debug|Any CPU.Build.0 = Debug|Any CPU
		{59cbe4f4-341f-3d71-c1dc-4863d3ff2bc4}.Debug|Any CPU.ActiveCfg = Debug|Any CPU
		{59cbe4f4-341f-3d71-c1dc-4863d3ff2bc4}.Debug|Any CPU.Build.0 = Debug|Any CPU
		{43188b45-0165-a769-3d8d-c1a6017a2221}.Debug|Any CPU.ActiveCfg = Debug|Any CPU
		{43188b45-0165-a769-3d8d-c1a6017a2221}.Debug|Any CPU.Build.0 = Debug|Any CPU
		{645657e0-d5cb-a516-ac15-2be21f5bbb2b}.Debug|Any CPU.ActiveCfg = Debug|Any CPU
		{645657e0-d5cb-a516-ac15-2be21f5bbb2b}.Debug|Any CPU.Build.0 = Debug|Any CPU
		{59e69d49-e3c9-1f4c-df99-c0edfe6d88e2}.Debug|Any CPU.ActiveCfg = Debug|Any CPU
		{59e69d49-e3c9-1f4c-df99-c0edfe6d88e2}.Debug|Any CPU.Build.0 = Debug|Any CPU
		{bd3208ea-6830-a423-c6d4-de67fc0fd860}.Debug|Any CPU.ActiveCfg = Debug|Any CPU
		{bd3208ea-6830-a423-c6d4-de67fc0fd860}.Debug|Any CPU.Build.0 = Debug|Any CPU
		{1d1077ce-291a-4895-cf74-fd717d864701}.Debug|Any CPU.ActiveCfg = Debug|Any CPU
		{1d1077ce-291a-4895-cf74-fd717d864701}.Debug|Any CPU.Build.0 = Debug|Any CPU
		{7b3a5b79-ccfd-ab83-7dc7-046cc9983055}.Debug|Any CPU.ActiveCfg = Debug|Any CPU
		{7b3a5b79-ccfd-ab83-7dc7-046cc9983055}.Debug|Any CPU.Build.0 = Debug|Any CPU
		{2eaca32a-217d-7ee5-553f-16f4c68a9b91}.Debug|Any CPU.ActiveCfg = Debug|Any CPU
		{2eaca32a-217d-7ee5-553f-16f4c68a9b91}.Debug|Any CPU.Build.0 = Debug|Any CPU
		{04792b29-afdc-51c6-d69d-549ceefa66f3}.Debug|Any CPU.ActiveCfg = Debug|Any CPU
		{04792b29-afdc-51c6-d69d-549ceefa66f3}.Debug|Any CPU.Build.0 = Debug|Any CPU
		{3f70aa87-692c-fe07-0d9f-07724b120065}.Debug|Any CPU.ActiveCfg = Debug|Any CPU
		{3f70aa87-692c-fe07-0d9f-07724b120065}.Debug|Any CPU.Build.0 = Debug|Any CPU
	EndGlobalSection
	GlobalSection(SolutionProperties) = preSolution
		HideSolutionNode = FALSE
	EndGlobalSection
EndGlobal
